%{
  "exprintf": {:hex, :exprintf, "0.2.1", "b7e895dfb00520cfb7fc1671303b63b37dc3897c59be7cbf1ae62f766a8a0314", [:mix], [], "hexpm", "20a0e8c880be90e56a77fcc82533c5d60c643915c7ce0cc8aa1e06ed6001da28"},
  "learn_kit": {:hex, :learn_kit, "0.1.6", "dcfa9e214fe4b5a9a20e0181c98a1b3da817d0a1989d53c879ff298cb2bc2e18", [:mix], [{:matrix, "~> 0.3.2", [hex: :matrix, repo: "hexpm", optional: false]}], "hexpm", "661395f4bf7542da4ac1f4d9a0d91d55c37d7d57396e6f8070ae16f92bfa1b9b"},
  "matrix": {:hex, :matrix, "0.3.2", "9c826bc3a1117bf5e1c5cdcf3a3d95456c93bc2e127a04e363e9fc90b724f784", [:mix], [{:exprintf, "~> 0.1", [hex: :exprintf, repo: "hexpm", optional: false]}], "hexpm", "f75adeb594a877ff49ff58a402e37c9474fb9172c997427a9b4b57ab10100f15"},
}
